
Microsoft Visual Studio Solution File, Format Version 12.00
# Visual Studio 2012
Project("{FAE04EC0-301F-11D3-BF4B-00C04F79EFBC}") = "Symbols.Core", "Symbols.Core\Symbols.Core.csproj", "{C0794CA9-2BBE-4DA4-A6CC-2EADEB36836A}"
EndProject
Project("{FAE04EC0-301F-11D3-BF4B-00C04F79EFBC}") = "Symbols.Tests", "Symbols.Tests\Symbols.Tests.csproj", "{C70E366F-93F8-47B5-BF26-5727649F7A71}"
EndProject
Global
	GlobalSection(SolutionConfigurationPlatforms) = preSolution
		Debug|Any CPU = Debug|Any CPU
		Release|Any CPU = Release|Any CPU
	EndGlobalSection
	GlobalSection(ProjectConfigurationPlatforms) = postSolution
		{C0794CA9-2BBE-4DA4-A6CC-2EADEB36836A}.Debug|Any CPU.ActiveCfg = Debug|Any CPU
		{C0794CA9-2BBE-4DA4-A6CC-2EADEB36836A}.Debug|Any CPU.Build.0 = Debug|Any CPU
		{C0794CA9-2BBE-4DA4-A6CC-2EADEB36836A}.Release|Any CPU.ActiveCfg = Release|Any CPU
		{C0794CA9-2BBE-4DA4-A6CC-2EADEB36836A}.Release|Any CPU.Build.0 = Release|Any CPU
		{C70E366F-93F8-47B5-BF26-5727649F7A71}.Debug|Any CPU.ActiveCfg = Debug|Any CPU
		{C70E366F-93F8-47B5-BF26-5727649F7A71}.Debug|Any CPU.Build.0 = Debug|Any CPU
		{C70E366F-93F8-47B5-BF26-5727649F7A71}.Release|Any CPU.ActiveCfg = Release|Any CPU
		{C70E366F-93F8-47B5-BF26-5727649F7A71}.Release|Any CPU.Build.0 = Release|Any CPU
	EndGlobalSection
	GlobalSection(SolutionProperties) = preSolution
		HideSolutionNode = FALSE
	EndGlobalSection
EndGlobal
